
Microsoft Visual Studio Solution File, Format Version 12.00
# Visual Studio Version 17
VisualStudioVersion = 17.0.31903.59
MinimumVisualStudioVersion = 10.0.40219.1
Project("{FAE04EC0-301F-11D3-BF4B-00C04F79EFBC}") = "SalesDatePrediction.API", "SalesDatePrediction.API\SalesDatePrediction.API.csproj", "{21FF09F2-E59E-4F72-9A45-C5D64D31D450}"
EndProject
Project("{FAE04EC0-301F-11D3-BF4B-00C04F79EFBC}") = "SalesDatePrediction.Tests", "SalesDatePrediction.Tests\SalesDatePrediction.Tests.csproj", "{8832693A-195E-4656-A530-2E61CA495B9F}"
EndProject
Global
	GlobalSection(SolutionConfigurationPlatforms) = preSolution
		Debug|Any CPU = Debug|Any CPU
		Release|Any CPU = Release|Any CPU
	EndGlobalSection
	GlobalSection(SolutionProperties) = preSolution
		HideSolutionNode = FALSE
	EndGlobalSection
	GlobalSection(ProjectConfigurationPlatforms) = postSolution
		{21FF09F2-E59E-4F72-9A45-C5D64D31D450}.Debug|Any CPU.ActiveCfg = Debug|Any CPU
		{21FF09F2-E59E-4F72-9A45-C5D64D31D450}.Debug|Any CPU.Build.0 = Debug|Any CPU
		{21FF09F2-E59E-4F72-9A45-C5D64D31D450}.Release|Any CPU.ActiveCfg = Release|Any CPU
		{21FF09F2-E59E-4F72-9A45-C5D64D31D450}.Release|Any CPU.Build.0 = Release|Any CPU
		{8832693A-195E-4656-A530-2E61CA495B9F}.Debug|Any CPU.ActiveCfg = Debug|Any CPU
		{8832693A-195E-4656-A530-2E61CA495B9F}.Debug|Any CPU.Build.0 = Debug|Any CPU
		{8832693A-195E-4656-A530-2E61CA495B9F}.Release|Any CPU.ActiveCfg = Release|Any CPU
		{8832693A-195E-4656-A530-2E61CA495B9F}.Release|Any CPU.Build.0 = Release|Any CPU
	EndGlobalSection
EndGlobal
